
Microsoft Visual Studio Solution File, Format Version 11.00
# Visual Studio 2010
Project("{FAE04EC0-301F-11D3-BF4B-00C04F79EFBC}") = "planeelude", "Assembly-CSharp-firstpass.csproj", "{BAB9137B-5246-1E73-0895-36214F4B6563}"
EndProject
Project("{FAE04EC0-301F-11D3-BF4B-00C04F79EFBC}") = "planeelude", "Assembly-CSharp.csproj", "{0D86514F-472B-9BD2-B7C1-0E4BF8758285}"
EndProject
Project("{FAE04EC0-301F-11D3-BF4B-00C04F79EFBC}") = "planeelude", "Assembly-CSharp-Editor-firstpass.csproj", "{50807741-33ED-AA98-3634-D132345E0455}"
EndProject
Global
	GlobalSection(SolutionConfigurationPlatforms) = preSolution
		Debug|Any CPU = Debug|Any CPU
		Release|Any CPU = Release|Any CPU
	EndGlobalSection
	GlobalSection(ProjectConfigurationPlatforms) = postSolution
		{BAB9137B-5246-1E73-0895-36214F4B6563}.Debug|Any CPU.ActiveCfg = Debug|Any CPU
		{BAB9137B-5246-1E73-0895-36214F4B6563}.Debug|Any CPU.Build.0 = Debug|Any CPU
		{BAB9137B-5246-1E73-0895-36214F4B6563}.Release|Any CPU.ActiveCfg = Release|Any CPU
		{BAB9137B-5246-1E73-0895-36214F4B6563}.Release|Any CPU.Build.0 = Release|Any CPU
		{0D86514F-472B-9BD2-B7C1-0E4BF8758285}.Debug|Any CPU.ActiveCfg = Debug|Any CPU
		{0D86514F-472B-9BD2-B7C1-0E4BF8758285}.Debug|Any CPU.Build.0 = Debug|Any CPU
		{0D86514F-472B-9BD2-B7C1-0E4BF8758285}.Release|Any CPU.ActiveCfg = Release|Any CPU
		{0D86514F-472B-9BD2-B7C1-0E4BF8758285}.Release|Any CPU.Build.0 = Release|Any CPU
		{50807741-33ED-AA98-3634-D132345E0455}.Debug|Any CPU.ActiveCfg = Debug|Any CPU
		{50807741-33ED-AA98-3634-D132345E0455}.Debug|Any CPU.Build.0 = Debug|Any CPU
		{50807741-33ED-AA98-3634-D132345E0455}.Release|Any CPU.ActiveCfg = Release|Any CPU
		{50807741-33ED-AA98-3634-D132345E0455}.Release|Any CPU.Build.0 = Release|Any CPU
	EndGlobalSection
	GlobalSection(SolutionProperties) = preSolution
		HideSolutionNode = FALSE
	EndGlobalSection
	GlobalSection(MonoDevelopProperties) = preSolution
		StartupItem = Assembly-CSharp.csproj
	EndGlobalSection
EndGlobal
